
Microsoft Visual Studio Solution File, Format Version 12.00
# Visual Studio Version 17
VisualStudioVersion = 17.7.34031.279
MinimumVisualStudioVersion = 10.0.40219.1
Project("{FAE04EC0-301F-11D3-BF4B-00C04F79EFBC}") = "2048 Génétic Algorithm", "2048 Génétic Algorithm.csproj", "{4C65B8EE-A934-4EC9-81D6-A5BCB93EDF1E}"
EndProject
Global
	GlobalSection(SolutionConfigurationPlatforms) = preSolution
		Debug|Any CPU = Debug|Any CPU
		Release|Any CPU = Release|Any CPU
	EndGlobalSection
	GlobalSection(ProjectConfigurationPlatforms) = postSolution
		{4C65B8EE-A934-4EC9-81D6-A5BCB93EDF1E}.Debug|Any CPU.ActiveCfg = Debug|Any CPU
		{4C65B8EE-A934-4EC9-81D6-A5BCB93EDF1E}.Debug|Any CPU.Build.0 = Debug|Any CPU
		{4C65B8EE-A934-4EC9-81D6-A5BCB93EDF1E}.Release|Any CPU.ActiveCfg = Release|Any CPU
		{4C65B8EE-A934-4EC9-81D6-A5BCB93EDF1E}.Release|Any CPU.Build.0 = Release|Any CPU
	EndGlobalSection
	GlobalSection(SolutionProperties) = preSolution
		HideSolutionNode = FALSE
	EndGlobalSection
	GlobalSection(ExtensibilityGlobals) = postSolution
		SolutionGuid = {8D237527-FE41-4C1F-9B5E-404AB2836C54}
	EndGlobalSection
EndGlobal
